{
  "name": "jwt",
  "version": "1.0.0",
  "lockfileVersion": 3,
  "requires": true,
  "packages": {
    "": {
      "name": "jwt",
      "version": "1.0.0",
      "license": "ISC",
      "dependencies": {
        "@vercel/edge": "^1.1.0",
        "jose": "^5.1.0"
      }
    },
    "node_modules/@vercel/edge": {
      "version": "1.1.0",
      "resolved": "https://registry.npmjs.org/@vercel/edge/-/edge-1.1.0.tgz",
      "integrity": "sha512-84H2EavY5Kul9Ef1DnTH0XEG5vChqcXjyqoRLVPjjZjLWw47sMapzXXQH09pybcshR+8AKqULGvFqPTWuRh3Rw=="
    },
    "node_modules/jose": {
      "version": "5.1.0",
      "resolved": "https://registry.npmjs.org/jose/-/jose-5.1.0.tgz",
      "integrity": "sha512-H+RVqxA6apaJ0rcQYupKYhos7uosAiF42gUcWZiwhICWMphDULFj/CRr1R0tV/JCv9DEeJaSyYYpc9luHHNT4g==",
      "funding": {
        "url": "https://github.com/sponsors/panva"
      }
    }
  }
}
